
Microsoft Visual Studio Solution File, Format Version 12.00
# Visual Studio 15
VisualStudioVersion = 15.0.28010.2046
MinimumVisualStudioVersion = 10.0.40219.1
Project("{FAE04EC0-301F-11D3-BF4B-00C04F79EFBC}") = "DirecAct.Android", "DirecAct\DirecAct.Android\DirecAct.Android.csproj", "{97AB5D8E-B85E-4750-9501-D10115463633}"
EndProject
Project("{D954291E-2A0B-460D-934E-DC6B0785DB48}") = "DirecAct", "DirecAct\DirecAct\DirecAct.shproj", "{CFED232D-F504-4A23-8F23-951433021DF5}"
EndProject
Global
	GlobalSection(SharedMSBuildProjectFiles) = preSolution
		DirecAct\DirecAct\DirecAct.projitems*{97ab5d8e-b85e-4750-9501-d10115463633}*SharedItemsImports = 4
		DirecAct\DirecAct\DirecAct.projitems*{cfed232d-f504-4a23-8f23-951433021df5}*SharedItemsImports = 13
	EndGlobalSection
	GlobalSection(SolutionConfigurationPlatforms) = preSolution
		Debug|Any CPU = Debug|Any CPU
		Release|Any CPU = Release|Any CPU
	EndGlobalSection
	GlobalSection(ProjectConfigurationPlatforms) = postSolution
		{97AB5D8E-B85E-4750-9501-D10115463633}.Debug|Any CPU.ActiveCfg = Debug|Any CPU
		{97AB5D8E-B85E-4750-9501-D10115463633}.Debug|Any CPU.Build.0 = Debug|Any CPU
		{97AB5D8E-B85E-4750-9501-D10115463633}.Debug|Any CPU.Deploy.0 = Debug|Any CPU
		{97AB5D8E-B85E-4750-9501-D10115463633}.Release|Any CPU.ActiveCfg = Release|Any CPU
		{97AB5D8E-B85E-4750-9501-D10115463633}.Release|Any CPU.Build.0 = Release|Any CPU
		{97AB5D8E-B85E-4750-9501-D10115463633}.Release|Any CPU.Deploy.0 = Release|Any CPU
	EndGlobalSection
	GlobalSection(SolutionProperties) = preSolution
		HideSolutionNode = FALSE
	EndGlobalSection
	GlobalSection(ExtensibilityGlobals) = postSolution
		SolutionGuid = {A3126570-8491-49F9-83D9-66B26ACC761D}
	EndGlobalSection
EndGlobal
